
Microsoft Visual Studio Solution File, Format Version 12.00
# Visual Studio Version 17
VisualStudioVersion = 17.4.33205.214
MinimumVisualStudioVersion = 10.0.40219.1
Project("{FAE04EC0-301F-11D3-BF4B-00C04F79EFBC}") = "EasyProgram", "EasyProgram\EasyProgram.csproj", "{C67EB017-792B-43FE-B5A1-48F958CDF78E}"
EndProject
Global
	GlobalSection(SolutionConfigurationPlatforms) = preSolution
		Debug|Any CPU = Debug|Any CPU
		Release|Any CPU = Release|Any CPU
	EndGlobalSection
	GlobalSection(ProjectConfigurationPlatforms) = postSolution
		{C67EB017-792B-43FE-B5A1-48F958CDF78E}.Debug|Any CPU.ActiveCfg = Debug|Any CPU
		{C67EB017-792B-43FE-B5A1-48F958CDF78E}.Debug|Any CPU.Build.0 = Debug|Any CPU
		{C67EB017-792B-43FE-B5A1-48F958CDF78E}.Release|Any CPU.ActiveCfg = Release|Any CPU
		{C67EB017-792B-43FE-B5A1-48F958CDF78E}.Release|Any CPU.Build.0 = Release|Any CPU
	EndGlobalSection
	GlobalSection(SolutionProperties) = preSolution
		HideSolutionNode = FALSE
	EndGlobalSection
	GlobalSection(ExtensibilityGlobals) = postSolution
		SolutionGuid = {EF601C90-6034-46E1-B5F9-D499AB12A330}
	EndGlobalSection
EndGlobal
